
Microsoft Visual Studio Solution File, Format Version 12.00
# Visual Studio Version 17
VisualStudioVersion = 17.6.33717.318
MinimumVisualStudioVersion = 10.0.40219.1
Project("{FAE04EC0-301F-11D3-BF4B-00C04F79EFBC}") = "ExceptionStackContainer", "ExceptionStackContainer\ExceptionStackContainer.csproj", "{598AF7D6-744F-4B68-A94B-97E4B07D8539}"
EndProject
Global
	GlobalSection(SolutionConfigurationPlatforms) = preSolution
		Debug|Any CPU = Debug|Any CPU
		Release|Any CPU = Release|Any CPU
	EndGlobalSection
	GlobalSection(ProjectConfigurationPlatforms) = postSolution
		{598AF7D6-744F-4B68-A94B-97E4B07D8539}.Debug|Any CPU.ActiveCfg = Debug|Any CPU
		{598AF7D6-744F-4B68-A94B-97E4B07D8539}.Debug|Any CPU.Build.0 = Debug|Any CPU
		{598AF7D6-744F-4B68-A94B-97E4B07D8539}.Release|Any CPU.ActiveCfg = Release|Any CPU
		{598AF7D6-744F-4B68-A94B-97E4B07D8539}.Release|Any CPU.Build.0 = Release|Any CPU
	EndGlobalSection
	GlobalSection(SolutionProperties) = preSolution
		HideSolutionNode = FALSE
	EndGlobalSection
	GlobalSection(ExtensibilityGlobals) = postSolution
		SolutionGuid = {77261DA4-8501-43B5-877D-03F652FDD6B1}
	EndGlobalSection
EndGlobal
